
Microsoft Visual Studio Solution File, Format Version 12.00
# Visual Studio Version 16
VisualStudioVersion = 16.0.30907.101
MinimumVisualStudioVersion = 10.0.40219.1
Project("{9A19103F-16F7-4668-BE54-9A1E7A4F7556}") = "DataAccess", "DataAccess\DataAccess.csproj", "{5A2503EC-5A2E-401C-9F6F-1AAFAAFEA836}"
EndProject
Project("{9A19103F-16F7-4668-BE54-9A1E7A4F7556}") = "Business", "Business\Business.csproj", "{53B458BF-DB9C-43FF-A466-56028E4AE53B}"
EndProject
Project("{9A19103F-16F7-4668-BE54-9A1E7A4F7556}") = "Entities", "Entities\Entities.csproj", "{45B837F3-3548-4A04-826E-53A3FECE0B40}"
EndProject
Project("{9A19103F-16F7-4668-BE54-9A1E7A4F7556}") = "ConsoleUI", "ConsoleUI\ConsoleUI.csproj", "{562E01DB-EB50-4961-8C09-8B1A6CFD5B4D}"
EndProject
Project("{9A19103F-16F7-4668-BE54-9A1E7A4F7556}") = "Core", "Core\Core.csproj", "{021C42D3-6B88-46C2-B23C-716283B3C4F9}"
EndProject
Project("{FAE04EC0-301F-11D3-BF4B-00C04F79EFBC}") = "WebAPI", "WebAPI\WebAPI.csproj", "{CB685278-1888-437E-A405-E5D568D12AED}"
EndProject
Global
	GlobalSection(SolutionConfigurationPlatforms) = preSolution
		Debug|Any CPU = Debug|Any CPU
		Release|Any CPU = Release|Any CPU
	EndGlobalSection
	GlobalSection(ProjectConfigurationPlatforms) = postSolution
		{5A2503EC-5A2E-401C-9F6F-1AAFAAFEA836}.Debug|Any CPU.ActiveCfg = Debug|Any CPU
		{5A2503EC-5A2E-401C-9F6F-1AAFAAFEA836}.Debug|Any CPU.Build.0 = Debug|Any CPU
		{5A2503EC-5A2E-401C-9F6F-1AAFAAFEA836}.Release|Any CPU.ActiveCfg = Release|Any CPU
		{5A2503EC-5A2E-401C-9F6F-1AAFAAFEA836}.Release|Any CPU.Build.0 = Release|Any CPU
		{53B458BF-DB9C-43FF-A466-56028E4AE53B}.Debug|Any CPU.ActiveCfg = Debug|Any CPU
		{53B458BF-DB9C-43FF-A466-56028E4AE53B}.Debug|Any CPU.Build.0 = Debug|Any CPU
		{53B458BF-DB9C-43FF-A466-56028E4AE53B}.Release|Any CPU.ActiveCfg = Release|Any CPU
		{53B458BF-DB9C-43FF-A466-56028E4AE53B}.Release|Any CPU.Build.0 = Release|Any CPU
		{45B837F3-3548-4A04-826E-53A3FECE0B40}.Debug|Any CPU.ActiveCfg = Debug|Any CPU
		{45B837F3-3548-4A04-826E-53A3FECE0B40}.Debug|Any CPU.Build.0 = Debug|Any CPU
		{45B837F3-3548-4A04-826E-53A3FECE0B40}.Release|Any CPU.ActiveCfg = Release|Any CPU
		{45B837F3-3548-4A04-826E-53A3FECE0B40}.Release|Any CPU.Build.0 = Release|Any CPU
		{562E01DB-EB50-4961-8C09-8B1A6CFD5B4D}.Debug|Any CPU.ActiveCfg = Debug|Any CPU
		{562E01DB-EB50-4961-8C09-8B1A6CFD5B4D}.Debug|Any CPU.Build.0 = Debug|Any CPU
		{562E01DB-EB50-4961-8C09-8B1A6CFD5B4D}.Release|Any CPU.ActiveCfg = Release|Any CPU
		{562E01DB-EB50-4961-8C09-8B1A6CFD5B4D}.Release|Any CPU.Build.0 = Release|Any CPU
		{021C42D3-6B88-46C2-B23C-716283B3C4F9}.Debug|Any CPU.ActiveCfg = Debug|Any CPU
		{021C42D3-6B88-46C2-B23C-716283B3C4F9}.Debug|Any CPU.Build.0 = Debug|Any CPU
		{021C42D3-6B88-46C2-B23C-716283B3C4F9}.Release|Any CPU.ActiveCfg = Release|Any CPU
		{021C42D3-6B88-46C2-B23C-716283B3C4F9}.Release|Any CPU.Build.0 = Release|Any CPU
		{CB685278-1888-437E-A405-E5D568D12AED}.Debug|Any CPU.ActiveCfg = Debug|Any CPU
		{CB685278-1888-437E-A405-E5D568D12AED}.Debug|Any CPU.Build.0 = Debug|Any CPU
		{CB685278-1888-437E-A405-E5D568D12AED}.Release|Any CPU.ActiveCfg = Release|Any CPU
		{CB685278-1888-437E-A405-E5D568D12AED}.Release|Any CPU.Build.0 = Release|Any CPU
	EndGlobalSection
	GlobalSection(SolutionProperties) = preSolution
		HideSolutionNode = FALSE
	EndGlobalSection
	GlobalSection(ExtensibilityGlobals) = postSolution
		SolutionGuid = {B0A25D8C-8FED-41BF-9CDA-46B4F08E00D4}
	EndGlobalSection
EndGlobal
